
Microsoft Visual Studio Solution File, Format Version 12.00
# Visual Studio 15
Project("{FAE04EC0-301F-11D3-BF4B-00C04F79EFBC}") = "Origami", "Origami\Origami.csproj", "{589FD4C2-302A-42E0-B7B5-3EA8530EFE42}"
EndProject
Project("{FAE04EC0-301F-11D3-BF4B-00C04F79EFBC}") = "Origami.Web", "Origami.Web\Origami.Web.csproj", "{42F088BD-0CCF-494C-A69D-8AD837427023}"
EndProject
Global
	GlobalSection(SolutionConfigurationPlatforms) = preSolution
		Debug|Any CPU = Debug|Any CPU
		Release|Any CPU = Release|Any CPU
	EndGlobalSection
	GlobalSection(ProjectConfigurationPlatforms) = postSolution
		{589FD4C2-302A-42E0-B7B5-3EA8530EFE42}.Debug|Any CPU.ActiveCfg = Debug|Any CPU
		{589FD4C2-302A-42E0-B7B5-3EA8530EFE42}.Debug|Any CPU.Build.0 = Debug|Any CPU
		{589FD4C2-302A-42E0-B7B5-3EA8530EFE42}.Release|Any CPU.ActiveCfg = Release|Any CPU
		{589FD4C2-302A-42E0-B7B5-3EA8530EFE42}.Release|Any CPU.Build.0 = Release|Any CPU
		{42F088BD-0CCF-494C-A69D-8AD837427023}.Debug|Any CPU.ActiveCfg = Debug|Any CPU
		{42F088BD-0CCF-494C-A69D-8AD837427023}.Debug|Any CPU.Build.0 = Debug|Any CPU
		{42F088BD-0CCF-494C-A69D-8AD837427023}.Release|Any CPU.ActiveCfg = Release|Any CPU
		{42F088BD-0CCF-494C-A69D-8AD837427023}.Release|Any CPU.Build.0 = Release|Any CPU
	EndGlobalSection
EndGlobal
